
Microsoft Visual Studio Solution File, Format Version 12.00
# Visual Studio Version 17
VisualStudioVersion = 17.3.32901.215
MinimumVisualStudioVersion = 10.0.40219.1
Project("{FAE04EC0-301F-11D3-BF4B-00C04F79EFBC}") = "webapp", "webapp\webapp.csproj", "{8E2D7E1F-966D-42A0-A43C-982E3210AFD1}"
EndProject
Global
	GlobalSection(SolutionConfigurationPlatforms) = preSolution
		Debug|Any CPU = Debug|Any CPU
		Release|Any CPU = Release|Any CPU
	EndGlobalSection
	GlobalSection(ProjectConfigurationPlatforms) = postSolution
		{8E2D7E1F-966D-42A0-A43C-982E3210AFD1}.Debug|Any CPU.ActiveCfg = Debug|Any CPU
		{8E2D7E1F-966D-42A0-A43C-982E3210AFD1}.Debug|Any CPU.Build.0 = Debug|Any CPU
		{8E2D7E1F-966D-42A0-A43C-982E3210AFD1}.Release|Any CPU.ActiveCfg = Release|Any CPU
		{8E2D7E1F-966D-42A0-A43C-982E3210AFD1}.Release|Any CPU.Build.0 = Release|Any CPU
	EndGlobalSection
	GlobalSection(SolutionProperties) = preSolution
		HideSolutionNode = FALSE
	EndGlobalSection
	GlobalSection(ExtensibilityGlobals) = postSolution
		SolutionGuid = {023AC7E0-B4F2-46E7-94D9-694DCA7A130F}
	EndGlobalSection
EndGlobal
